
Microsoft Visual Studio Solution File, Format Version 12.00
# Visual Studio 14
VisualStudioVersion = 14.0.24720.0
MinimumVisualStudioVersion = 10.0.40219.1
Project("{FAE04EC0-301F-11D3-BF4B-00C04F79EFBC}") = "ADOCRUD", "ADOCRUD\ADOCRUD.csproj", "{D8080B5E-C68B-41E9-9726-08E18534128B}"
EndProject
Project("{FAE04EC0-301F-11D3-BF4B-00C04F79EFBC}") = "ADOCRUD.UnitTests", "ADOCRUD.UnitTests\ADOCRUD.UnitTests.csproj", "{70BBF72F-62A4-4AD6-B057-10C623CBBDD0}"
EndProject
Project("{00D1A9C2-B5F0-4AF3-8072-F6C62B433612}") = "ADOCRUD.DBSource", "ADOCRUD.DBSource\ADOCRUD.DBSource.sqlproj", "{FD8BC9A6-9C68-49C8-BEC3-3C8A63EC53BC}"
EndProject
Project("{FAE04EC0-301F-11D3-BF4B-00C04F79EFBC}") = "ADOCRUD.ObjectClassGenerator", "ADOCRUD.ObjectClassGenerator\ADOCRUD.ObjectClassGenerator.csproj", "{D54549ED-145C-4310-BB4A-2EAA470CDF08}"
EndProject
Global
	GlobalSection(SolutionConfigurationPlatforms) = preSolution
		Debug|Any CPU = Debug|Any CPU
		Release|Any CPU = Release|Any CPU
	EndGlobalSection
	GlobalSection(ProjectConfigurationPlatforms) = postSolution
		{D8080B5E-C68B-41E9-9726-08E18534128B}.Debug|Any CPU.ActiveCfg = Debug|Any CPU
		{D8080B5E-C68B-41E9-9726-08E18534128B}.Debug|Any CPU.Build.0 = Debug|Any CPU
		{D8080B5E-C68B-41E9-9726-08E18534128B}.Release|Any CPU.ActiveCfg = Release|Any CPU
		{D8080B5E-C68B-41E9-9726-08E18534128B}.Release|Any CPU.Build.0 = Release|Any CPU
		{70BBF72F-62A4-4AD6-B057-10C623CBBDD0}.Debug|Any CPU.ActiveCfg = Debug|Any CPU
		{70BBF72F-62A4-4AD6-B057-10C623CBBDD0}.Debug|Any CPU.Build.0 = Debug|Any CPU
		{70BBF72F-62A4-4AD6-B057-10C623CBBDD0}.Release|Any CPU.ActiveCfg = Release|Any CPU
		{70BBF72F-62A4-4AD6-B057-10C623CBBDD0}.Release|Any CPU.Build.0 = Release|Any CPU
		{FD8BC9A6-9C68-49C8-BEC3-3C8A63EC53BC}.Debug|Any CPU.ActiveCfg = Debug|Any CPU
		{FD8BC9A6-9C68-49C8-BEC3-3C8A63EC53BC}.Debug|Any CPU.Build.0 = Debug|Any CPU
		{FD8BC9A6-9C68-49C8-BEC3-3C8A63EC53BC}.Debug|Any CPU.Deploy.0 = Debug|Any CPU
		{FD8BC9A6-9C68-49C8-BEC3-3C8A63EC53BC}.Release|Any CPU.ActiveCfg = Release|Any CPU
		{FD8BC9A6-9C68-49C8-BEC3-3C8A63EC53BC}.Release|Any CPU.Build.0 = Release|Any CPU
		{FD8BC9A6-9C68-49C8-BEC3-3C8A63EC53BC}.Release|Any CPU.Deploy.0 = Release|Any CPU
		{D54549ED-145C-4310-BB4A-2EAA470CDF08}.Debug|Any CPU.ActiveCfg = Debug|Any CPU
		{D54549ED-145C-4310-BB4A-2EAA470CDF08}.Debug|Any CPU.Build.0 = Debug|Any CPU
		{D54549ED-145C-4310-BB4A-2EAA470CDF08}.Release|Any CPU.ActiveCfg = Release|Any CPU
		{D54549ED-145C-4310-BB4A-2EAA470CDF08}.Release|Any CPU.Build.0 = Release|Any CPU
	EndGlobalSection
	GlobalSection(SolutionProperties) = preSolution
		HideSolutionNode = FALSE
	EndGlobalSection
EndGlobal
