
Microsoft Visual Studio Solution File, Format Version 12.00
# Visual Studio 14
VisualStudioVersion = 14.0.24720.0
MinimumVisualStudioVersion = 10.0.40219.1
Project("{FAE04EC0-301F-11D3-BF4B-00C04F79EFBC}") = "ADOCRUD", "ADOCRUD\ADOCRUD.csproj", "{D8080B5E-C68B-41E9-9726-08E18534128B}"
EndProject
Project("{FAE04EC0-301F-11D3-BF4B-00C04F79EFBC}") = "ADOCRUD.UnitTests", "ADOCRUD.UnitTests\ADOCRUD.UnitTests.csproj", "{70BBF72F-62A4-4AD6-B057-10C623CBBDD0}"
EndProject
Global
	GlobalSection(SolutionConfigurationPlatforms) = preSolution
		Debug|Any CPU = Debug|Any CPU
		Release|Any CPU = Release|Any CPU
	EndGlobalSection
	GlobalSection(ProjectConfigurationPlatforms) = postSolution
		{D8080B5E-C68B-41E9-9726-08E18534128B}.Debug|Any CPU.ActiveCfg = Debug|Any CPU
		{D8080B5E-C68B-41E9-9726-08E18534128B}.Debug|Any CPU.Build.0 = Debug|Any CPU
		{D8080B5E-C68B-41E9-9726-08E18534128B}.Release|Any CPU.ActiveCfg = Release|Any CPU
		{D8080B5E-C68B-41E9-9726-08E18534128B}.Release|Any CPU.Build.0 = Release|Any CPU
		{70BBF72F-62A4-4AD6-B057-10C623CBBDD0}.Debug|Any CPU.ActiveCfg = Debug|Any CPU
		{70BBF72F-62A4-4AD6-B057-10C623CBBDD0}.Debug|Any CPU.Build.0 = Debug|Any CPU
		{70BBF72F-62A4-4AD6-B057-10C623CBBDD0}.Release|Any CPU.ActiveCfg = Release|Any CPU
		{70BBF72F-62A4-4AD6-B057-10C623CBBDD0}.Release|Any CPU.Build.0 = Release|Any CPU
	EndGlobalSection
	GlobalSection(SolutionProperties) = preSolution
		HideSolutionNode = FALSE
	EndGlobalSection
EndGlobal
